
Microsoft Visual Studio Solution File, Format Version 11.00
# Visual Studio 2010
Project("{FAE04EC0-301F-11D3-BF4B-00C04F79EFBC}") = "Assembly-CSharp", "Assembly-CSharp.csproj", "{67EBD2B7-BE02-9003-CB03-8DD69C9AA342}"
EndProject
Project("{FAE04EC0-301F-11D3-BF4B-00C04F79EFBC}") = "Assembly-CSharp-firstpass", "Assembly-CSharp-firstpass.csproj", "{418EE15A-8AC7-7344-FA4B-F14B5092A855}"
EndProject
Project("{FAE04EC0-301F-11D3-BF4B-00C04F79EFBC}") = "Assembly-CSharp-Editor-firstpass", "Assembly-CSharp-Editor-firstpass.csproj", "{E0A59E89-3EF7-993A-7D0F-C4E42354A19D}"
EndProject
Global
	GlobalSection(SolutionConfigurationPlatforms) = preSolution
		Debug|Any CPU = Debug|Any CPU
		Release|Any CPU = Release|Any CPU
	EndGlobalSection
	GlobalSection(ProjectConfigurationPlatforms) = postSolution
		{67EBD2B7-BE02-9003-CB03-8DD69C9AA342}.Debug|Any CPU.ActiveCfg = Debug|Any CPU
		{67EBD2B7-BE02-9003-CB03-8DD69C9AA342}.Debug|Any CPU.Build.0 = Debug|Any CPU
		{67EBD2B7-BE02-9003-CB03-8DD69C9AA342}.Release|Any CPU.ActiveCfg = Release|Any CPU
		{67EBD2B7-BE02-9003-CB03-8DD69C9AA342}.Release|Any CPU.Build.0 = Release|Any CPU
		{418EE15A-8AC7-7344-FA4B-F14B5092A855}.Debug|Any CPU.ActiveCfg = Debug|Any CPU
		{418EE15A-8AC7-7344-FA4B-F14B5092A855}.Debug|Any CPU.Build.0 = Debug|Any CPU
		{418EE15A-8AC7-7344-FA4B-F14B5092A855}.Release|Any CPU.ActiveCfg = Release|Any CPU
		{418EE15A-8AC7-7344-FA4B-F14B5092A855}.Release|Any CPU.Build.0 = Release|Any CPU
		{E0A59E89-3EF7-993A-7D0F-C4E42354A19D}.Debug|Any CPU.ActiveCfg = Debug|Any CPU
		{E0A59E89-3EF7-993A-7D0F-C4E42354A19D}.Debug|Any CPU.Build.0 = Debug|Any CPU
		{E0A59E89-3EF7-993A-7D0F-C4E42354A19D}.Release|Any CPU.ActiveCfg = Release|Any CPU
		{E0A59E89-3EF7-993A-7D0F-C4E42354A19D}.Release|Any CPU.Build.0 = Release|Any CPU
	EndGlobalSection
	GlobalSection(SolutionProperties) = preSolution
		HideSolutionNode = FALSE
	EndGlobalSection
	GlobalSection(MonoDevelopProperties) = preSolution
		StartupItem = Assembly-CSharp.csproj
	EndGlobalSection
EndGlobal
